# THIS IS AN AUTOGENERATED FILE. DO NOT EDIT THIS FILE DIRECTLY.
# yarn lockfile v1


"@floating-ui/core@^1.7.1":
  version "1.7.1"
  resolved "https://registry.yarnpkg.com/@floating-ui/core/-/core-1.7.1.tgz#1abc6b157d4a936174f9dbd078278c3a81c8bc6b"
  integrity sha512-azI0DrjMMfIug/ExbBaeDVJXcY0a7EPvPjb2xAJPa4HeimBX+Z18HK8QQR3jb6356SnDDdxx+hinMLcJEDdOjw==
  dependencies:
    "@floating-ui/utils" "^0.2.9"

"@floating-ui/dom@^1.6.1":
  version "1.7.1"
  resolved "https://registry.yarnpkg.com/@floating-ui/dom/-/dom-1.7.1.tgz#76a4e3cbf7a08edf40c34711cf64e0cc8053d912"
  integrity sha512-cwsmW/zyw5ltYTUeeYJ60CnQuPqmGwuGVhG9w0PRaRKkAyi38BT5CKrpIbb+jtahSwUl04cWzSx9ZOIxeS6RsQ==
  dependencies:
    "@floating-ui/core" "^1.7.1"
    "@floating-ui/utils" "^0.2.9"

"@floating-ui/utils@^0.2.9":
  version "0.2.9"
  resolved "https://registry.yarnpkg.com/@floating-ui/utils/-/utils-0.2.9.tgz#50dea3616bc8191fb8e112283b49eaff03e78429"
  integrity sha512-MDWhGtE+eHw5JW7lq4qhc5yRLS11ERl1c7Z6Xd0a58DozHES6EnNNwUWbMiG4J9Cgj053Bhk8zvlhFYKVhULwg==

classnames@^2.3.0:
  version "2.5.1"
  resolved "https://registry.yarnpkg.com/classnames/-/classnames-2.5.1.tgz#ba774c614be0f016da105c858e7159eae8e7687b"
  integrity sha512-saHYOzhIQs6wy2sVxTM6bUDsQO4F50V9RQ22qBpEdCW+I+/Wmke2HOl6lS6dTpdxVhb88/I6+Hs+438c3lfUow==

next-themes@^0.4.6:
  version "0.4.6"
  resolved "https://registry.yarnpkg.com/next-themes/-/next-themes-0.4.6.tgz#8d7e92d03b8fea6582892a50a928c9b23502e8b6"
  integrity sha512-pZvgD5L0IEvX5/9GWyHMf3m8BKiVQwsCMHfoFosXtXBMnaS0ZnIJ9ST4b4NqLVKDEm8QBxoNNGNaBv2JNF6XNA==

react-tooltip@^5.29.1:
  version "5.29.1"
  resolved "https://registry.yarnpkg.com/react-tooltip/-/react-tooltip-5.29.1.tgz#ba0b80b04d66822590976d2a32f47544fd9feee2"
  integrity sha512-rmJmEb/p99xWhwmVT7F7riLG08wwKykjHiMGbDPloNJk3tdI73oHsVOwzZ4SRjqMdd5/xwb/4nmz0RcoMfY7Bw==
  dependencies:
    "@floating-ui/dom" "^1.6.1"
    classnames "^2.3.0"
